
Microsoft Visual Studio Solution File, Format Version 12.00
# Visual Studio 15
VisualStudioVersion = 15.0.27703.2035
MinimumVisualStudioVersion = 10.0.40219.1
Project("{FAE04EC0-301F-11D3-BF4B-00C04F79EFBC}") = "ArticleConversionTool", "ArticleConversionTool\ArticleConversionTool.csproj", "{6B647EEF-D753-4ABA-8B3A-6D28340BC581}"
EndProject
Global
	GlobalSection(SolutionConfigurationPlatforms) = preSolution
		Debug|Any CPU = Debug|Any CPU
		Release|Any CPU = Release|Any CPU
	EndGlobalSection
	GlobalSection(ProjectConfigurationPlatforms) = postSolution
		{6B647EEF-D753-4ABA-8B3A-6D28340BC581}.Debug|Any CPU.ActiveCfg = Debug|Any CPU
		{6B647EEF-D753-4ABA-8B3A-6D28340BC581}.Debug|Any CPU.Build.0 = Debug|Any CPU
		{6B647EEF-D753-4ABA-8B3A-6D28340BC581}.Release|Any CPU.ActiveCfg = Release|Any CPU
		{6B647EEF-D753-4ABA-8B3A-6D28340BC581}.Release|Any CPU.Build.0 = Release|Any CPU
	EndGlobalSection
	GlobalSection(SolutionProperties) = preSolution
		HideSolutionNode = FALSE
	EndGlobalSection
	GlobalSection(ExtensibilityGlobals) = postSolution
		SolutionGuid = {EE6D9DCD-EC2D-46F3-8AF5-4D9AA8A97D0A}
	EndGlobalSection
EndGlobal
